PODS:
  - MBProgressHUD (0.9.1)
  - MKNetworkKit (HEAD based on 0.87):
    - Reachability (~> 3.1.0)
  - NKOColorPickerView (0.2)
  - Reachability (3.1.1)
  - WYPopoverController (0.3.8)

DEPENDENCIES:
  - MBProgressHUD (~> 0.9.1)
  - MKNetworkKit (HEAD)
  - NKOColorPickerView
  - WYPopoverController (~> 0.3.7)

SPEC CHECKSUMS:
  MBProgressHUD: c47f2c166c126cf2ce36498d80f33e754d4e93ad
  MKNetworkKit: 60ad3c83b62183e40ba75ce772c9427c25b520de
  NKOColorPickerView: 3001ad15be1277dac3b80b300f530828e93b23ae
  Reachability: dd9aa4fb6667b9f787690a74f53cb7634ce99893
  WYPopoverController: dda54780e1bef186464ae5a10ab9b4998c279e89

COCOAPODS: 0.35.0
